
Microsoft Visual Studio Solution File, Format Version 12.00
# Visual Studio Version 16
VisualStudioVersion = 16.0.29025.244
MinimumVisualStudioVersion = 10.0.40219.1
Project("{FAE04EC0-301F-11D3-BF4B-00C04F79EFBC}") = "WFApplication_Vacation", "WindowsFormsApplication2\WFApplication_Vacation.csproj", "{C8ABE9F5-2D64-42A6-80E7-30656DAF2428}"
EndProject
Project("{FAE04EC0-301F-11D3-BF4B-00C04F79EFBC}") = "DataAccessLayer", "DataAccessLayer\DataAccessLayer.csproj", "{D85DDCA0-B865-439E-B92F-0CF6B5B33A8C}"
EndProject
Global
	GlobalSection(SolutionConfigurationPlatforms) = preSolution
		Debug|Any CPU = Debug|Any CPU
		Release|Any CPU = Release|Any CPU
	EndGlobalSection
	GlobalSection(ProjectConfigurationPlatforms) = postSolution
		{C8ABE9F5-2D64-42A6-80E7-30656DAF2428}.Debug|Any CPU.ActiveCfg = Debug|Any CPU
		{C8ABE9F5-2D64-42A6-80E7-30656DAF2428}.Debug|Any CPU.Build.0 = Debug|Any CPU
		{C8ABE9F5-2D64-42A6-80E7-30656DAF2428}.Release|Any CPU.ActiveCfg = Release|Any CPU
		{C8ABE9F5-2D64-42A6-80E7-30656DAF2428}.Release|Any CPU.Build.0 = Release|Any CPU
		{D85DDCA0-B865-439E-B92F-0CF6B5B33A8C}.Debug|Any CPU.ActiveCfg = Debug|Any CPU
		{D85DDCA0-B865-439E-B92F-0CF6B5B33A8C}.Debug|Any CPU.Build.0 = Debug|Any CPU
		{D85DDCA0-B865-439E-B92F-0CF6B5B33A8C}.Release|Any CPU.ActiveCfg = Release|Any CPU
		{D85DDCA0-B865-439E-B92F-0CF6B5B33A8C}.Release|Any CPU.Build.0 = Release|Any CPU
	EndGlobalSection
	GlobalSection(SolutionProperties) = preSolution
		HideSolutionNode = FALSE
	EndGlobalSection
	GlobalSection(ExtensibilityGlobals) = postSolution
		SolutionGuid = {D2F2398C-B15B-4F69-94DD-D83A9531E4FD}
	EndGlobalSection
EndGlobal
